// !$*UTF8*$!
{
	archiveVersion = 1;
	classes = {
	};
	objectVersion = 46;
	objects = {

/* Begin PBXBuildFile section */
		08F29A76C25568B04C823092 /* Pods_weiBo.framework in Frameworks */ = {isa = PBXBuildFile; fileRef = A11AD0D8F5CF08EDA46901A8 /* Pods_weiBo.framework */; };
		380121A11DF3E466000D216D /* OAuthViewController.swift in Sources */ = {isa = PBXBuildFile; fileRef = 3801219F1DF3E466000D216D /* OAuthViewController.swift */; };
		380121A21DF3E466000D216D /* OAuthViewController.xib in Resources */ = {isa = PBXBuildFile; fileRef = 380121A01DF3E466000D216D /* OAuthViewController.xib */; };
		380121A41DF3EF07000D216D /* common.swift in Sources */ = {isa = PBXBuildFile; fileRef = 380121A31DF3EF07000D216D /* common.swift */; };
		380187A71DADD00500A1F8B4 /* null.storyboard in Resources */ = {isa = PBXBuildFile; fileRef = 380187A61DADD00500A1F8B4 /* null.storyboard */; };
		383EF0651E39B4DB00E293A7 /* StatusesViewModel.swift in Sources */ = {isa = PBXBuildFile; fileRef = 383EF0641E39B4DB00E293A7 /* StatusesViewModel.swift */; };
		383EF0671E39C53200E293A7 /* HomeViewCell.swift in Sources */ = {isa = PBXBuildFile; fileRef = 383EF0661E39C53200E293A7 /* HomeViewCell.swift */; };
		383F651D1DEEC68900CA5206 /* NetworkTools.swift in Sources */ = {isa = PBXBuildFile; fileRef = 383F651C1DEEC68900CA5206 /* NetworkTools.swift */; };
		3845AE3D1E30252500026E6B /* WelcomeViewController.swift in Sources */ = {isa = PBXBuildFile; fileRef = 3845AE3B1E30252500026E6B /* WelcomeViewController.swift */; };
		3845AE3E1E30252500026E6B /* WelcomeViewController.xib in Resources */ = {isa = PBXBuildFile; fileRef = 3845AE3C1E30252500026E6B /* WelcomeViewController.xib */; };
		384964F41E38234B00766CE3 /* Statuses.swift in Sources */ = {isa = PBXBuildFile; fileRef = 384964F31E38234B00766CE3 /* Statuses.swift */; };
		384966951DE6A8F7004DF1A6 /* PopoverViewController.swift in Sources */ = {isa = PBXBuildFile; fileRef = 384966931DE6A8F7004DF1A6 /* PopoverViewController.swift */; };
		384966961DE6A8F7004DF1A6 /* PopoverViewController.xib in Resources */ = {isa = PBXBuildFile; fileRef = 384966941DE6A8F7004DF1A6 /* PopoverViewController.xib */; };
		384966981DE6B4C8004DF1A6 /* ZJPresentationController.swift in Sources */ = {isa = PBXBuildFile; fileRef = 384966971DE6B4C8004DF1A6 /* ZJPresentationController.swift */; };
		3849E7481DEC23C5001BE9FC /* PopoverAnimator.swift in Sources */ = {isa = PBXBuildFile; fileRef = 3849E7471DEC23C5001BE9FC /* PopoverAnimator.swift */; };
		384B45001DE4254C00DDB73B /* UIBarButtonItem-extention.swift in Sources */ = {isa = PBXBuildFile; fileRef = 384B44FF1DE4254C00DDB73B /* UIBarButtonItem-extention.swift */; };
		384B45021DE4293B00DDB73B /* titleButton.swift in Sources */ = {isa = PBXBuildFile; fileRef = 384B45011DE4293B00DDB73B /* titleButton.swift */; };
		384B9B1E1DA5E6F1001A246D /* Home.storyboard in Resources */ = {isa = PBXBuildFile; fileRef = 384B9B1C1DA5E6F1001A246D /* Home.storyboard */; };
		384B9B201DA5E719001A246D /* Message.storyboard in Resources */ = {isa = PBXBuildFile; fileRef = 384B9B1F1DA5E719001A246D /* Message.storyboard */; };
		384B9B251DA5E762001A246D /* Discover.storyboard in Resources */ = {isa = PBXBuildFile; fileRef = 384B9B241DA5E762001A246D /* Discover.storyboard */; };
		384B9B281DA5E779001A246D /* Profile.storyboard in Resources */ = {isa = PBXBuildFile; fileRef = 384B9B261DA5E779001A246D /* Profile.storyboard */; };
		3853FAFA1DAF1402004867AE /* UIButton-Extension.swift in Sources */ = {isa = PBXBuildFile; fileRef = 3853FAF91DAF1402004867AE /* UIButton-Extension.swift */; };
		3853FAFD1DAF46C5004867AE /* BaseViewController.swift in Sources */ = {isa = PBXBuildFile; fileRef = 3853FAFC1DAF46C5004867AE /* BaseViewController.swift */; };
		385B316A1E1C6E4B00422551 /* UserAccount.swift in Sources */ = {isa = PBXBuildFile; fileRef = 385B31691E1C6E4B00422551 /* UserAccount.swift */; };
		385FA5981D9EFF6600093C37 /* mainViewController.swift in Sources */ = {isa = PBXBuildFile; fileRef = 385FA5971D9EFF6600093C37 /* mainViewController.swift */; };
		385FA59A1D9F005700093C37 /* homeTableViewController.swift in Sources */ = {isa = PBXBuildFile; fileRef = 385FA5991D9F005700093C37 /* homeTableViewController.swift */; };
		385FA59C1D9F006500093C37 /* messageTableViewController.swift in Sources */ = {isa = PBXBuildFile; fileRef = 385FA59B1D9F006500093C37 /* messageTableViewController.swift */; };
		385FA59E1D9F007000093C37 /* discoverTableViewController.swift in Sources */ = {isa = PBXBuildFile; fileRef = 385FA59D1D9F007000093C37 /* discoverTableViewController.swift */; };
		385FA5A01D9F007800093C37 /* profileTableViewController.swift in Sources */ = {isa = PBXBuildFile; fileRef = 385FA59F1D9F007800093C37 /* profileTableViewController.swift */; };
		38606EF31E3887490041CCF4 /* NSDate-Extension.swift in Sources */ = {isa = PBXBuildFile; fileRef = 38606EF21E3887490041CCF4 /* NSDate-Extension.swift */; };
		38606EF51E3893D60041CCF4 /* User.swift in Sources */ = {isa = PBXBuildFile; fileRef = 38606EF41E3893D60041CCF4 /* User.swift */; };
		386791B51E2F42A900B7A740 /* UserAccountViewModel.swift in Sources */ = {isa = PBXBuildFile; fileRef = 386791B41E2F42A900B7A740 /* UserAccountViewModel.swift */; };
		387243D11D9E306D00905184 /* AppDelegate.swift in Sources */ = {isa = PBXBuildFile; fileRef = 387243D01D9E306D00905184 /* AppDelegate.swift */; };
		387243D61D9E306D00905184 /* Main.storyboard in Resources */ = {isa = PBXBuildFile; fileRef = 387243D41D9E306D00905184 /* Main.storyboard */; };
		387243D81D9E306D00905184 /* Assets.xcassets in Resources */ = {isa = PBXBuildFile; fileRef = 387243D71D9E306D00905184 /* Assets.xcassets */; };
		387243DB1D9E306D00905184 /* LaunchScreen.storyboard in Resources */ = {isa = PBXBuildFile; fileRef = 387243D91D9E306D00905184 /* LaunchScreen.storyboard */; };
		387243E61D9E306D00905184 /* weiBoTests.swift in Sources */ = {isa = PBXBuildFile; fileRef = 387243E51D9E306D00905184 /* weiBoTests.swift */; };
		387243F11D9E306D00905184 /* weiBoUITests.swift in Sources */ = {isa = PBXBuildFile; fileRef = 387243F01D9E306D00905184 /* weiBoUITests.swift */; };
		38FE64DE1DB02D3E009226C5 /* VisitorView.swift in Sources */ = {isa = PBXBuildFile; fileRef = 38FE64DD1DB02D3E009226C5 /* VisitorView.swift */; };
		38FE64E01DB02D53009226C5 /* VisitorView.xib in Resources */ = {isa = PBXBuildFile; fileRef = 38FE64DF1DB02D53009226C5 /* VisitorView.xib */; };
/* End PBXBuildFile section */

/* Begin PBXContainerItemProxy section */
		387243E21D9E306D00905184 /* PBXContainerItemProxy */ = {
			isa = PBXContainerItemProxy;
			containerPortal = 387243C51D9E306C00905184 /* Project object */;
			proxyType = 1;
			remoteGlobalIDString = 387243CC1D9E306C00905184;
			remoteInfo = weiBo;
		};
		387243ED1D9E306D00905184 /* PBXContainerItemProxy */ = {
			isa = PBXContainerItemProxy;
			containerPortal = 387243C51D9E306C00905184 /* Project object */;
			proxyType = 1;
			remoteGlobalIDString = 387243CC1D9E306C00905184;
			remoteInfo = weiBo;
		};
/* End PBXContainerItemProxy section */

/* Begin PBXFileReference section */
		3801219F1DF3E466000D216D /* OAuthViewController.swift */ = {isa = PBXFileReference; fileEncoding = 4; lastKnownFileType = sourcecode.swift; path = OAuthViewController.swift; sourceTree = "<group>"; };
		380121A01DF3E466000D216D /* OAuthViewController.xib */ = {isa = PBXFileReference; fileEncoding = 4; lastKnownFileType = file.xib; path = OAuthViewController.xib; sourceTree = "<group>"; };
		380121A31DF3EF07000D216D /* common.swift */ = {isa = PBXFileReference; fileEncoding = 4; lastKnownFileType = sourcecode.swift; path = common.swift; sourceTree = "<group>"; };
		380187A61DADD00500A1F8B4 /* null.storyboard */ = {isa = PBXFileReference; fileEncoding = 4; lastKnownFileType = file.storyboard; name = null.storyboard; path = ../../null.storyboard; sourceTree = "<group>"; };
		383EF0641E39B4DB00E293A7 /* StatusesViewModel.swift */ = {isa = PBXFileReference; fileEncoding = 4; lastKnownFileType = sourcecode.swift; path = StatusesViewModel.swift; sourceTree = "<group>"; };
		383EF0661E39C53200E293A7 /* HomeViewCell.swift */ = {isa = PBXFileReference; fileEncoding = 4; lastKnownFileType = sourcecode.swift; path = HomeViewCell.swift; sourceTree = "<group>"; };
		383F651C1DEEC68900CA5206 /* NetworkTools.swift */ = {isa = PBXFileReference; fileEncoding = 4; lastKnownFileType = sourcecode.swift; path = NetworkTools.swift; sourceTree = "<group>"; };
		3845AE3B1E30252500026E6B /* WelcomeViewController.swift */ = {isa = PBXFileReference; fileEncoding = 4; lastKnownFileType = sourcecode.swift; name = WelcomeViewController.swift; path = weiBo/classes/Main/WelcomeViewController.swift; sourceTree = SOURCE_ROOT; };
		3845AE3C1E30252500026E6B /* WelcomeViewController.xib */ = {isa = PBXFileReference; fileEncoding = 4; lastKnownFileType = file.xib; name = WelcomeViewController.xib; path = weiBo/classes/Main/WelcomeViewController.xib; sourceTree = SOURCE_ROOT; };
		384964F31E38234B00766CE3 /* Statuses.swift */ = {isa = PBXFileReference; fileEncoding = 4; lastKnownFileType = sourcecode.swift; path = Statuses.swift; sourceTree = "<group>"; };
		384966931DE6A8F7004DF1A6 /* PopoverViewController.swift */ = {isa = PBXFileReference; fileEncoding = 4; lastKnownFileType = sourcecode.swift; path = PopoverViewController.swift; sourceTree = "<group>"; };
		384966941DE6A8F7004DF1A6 /* PopoverViewController.xib */ = {isa = PBXFileReference; fileEncoding = 4; lastKnownFileType = file.xib; path = PopoverViewController.xib; sourceTree = "<group>"; };
		384966971DE6B4C8004DF1A6 /* ZJPresentationController.swift */ = {isa = PBXFileReference; fileEncoding = 4; lastKnownFileType = sourcecode.swift; path = ZJPresentationController.swift; sourceTree = "<group>"; };
		3849E7471DEC23C5001BE9FC /* PopoverAnimator.swift */ = {isa = PBXFileReference; fileEncoding = 4; lastKnownFileType = sourcecode.swift; path = PopoverAnimator.swift; sourceTree = "<group>"; };
		384B44FF1DE4254C00DDB73B /* UIBarButtonItem-extention.swift */ = {isa = PBXFileReference; fileEncoding = 4; lastKnownFileType = sourcecode.swift; path = "UIBarButtonItem-extention.swift"; sourceTree = "<group>"; };
		384B45011DE4293B00DDB73B /* titleButton.swift */ = {isa = PBXFileReference; fileEncoding = 4; lastKnownFileType = sourcecode.swift; path = titleButton.swift; sourceTree = "<group>"; };
		384B9B1D1DA5E6F1001A246D /* Base */ = {isa = PBXFileReference; lastKnownFileType = file.storyboard; name = Base; path = Base.lproj/Home.storyboard; sourceTree = "<group>"; };
		384B9B1F1DA5E719001A246D /* Message.storyboard */ = {isa = PBXFileReference; fileEncoding = 4; lastKnownFileType = file.storyboard; name = Message.storyboard; path = ../../Message.storyboard; sourceTree = "<group>"; };
		384B9B241DA5E762001A246D /* Discover.storyboard */ = {isa = PBXFileReference; fileEncoding = 4; lastKnownFileType = file.storyboard; name = Discover.storyboard; path = ../../Discover.storyboard; sourceTree = "<group>"; };
		384B9B271DA5E779001A246D /* Base */ = {isa = PBXFileReference; lastKnownFileType = file.storyboard; name = Base; path = Base.lproj/Profile.storyboard; sourceTree = "<group>"; };
		3853FAF91DAF1402004867AE /* UIButton-Extension.swift */ = {isa = PBXFileReference; fileEncoding = 4; lastKnownFileType = sourcecode.swift; path = "UIButton-Extension.swift"; sourceTree = "<group>"; };
		3853FAFC1DAF46C5004867AE /* BaseViewController.swift */ = {isa = PBXFileReference; fileEncoding = 4; lastKnownFileType = sourcecode.swift; path = BaseViewController.swift; sourceTree = "<group>"; };
		385B31691E1C6E4B00422551 /* UserAccount.swift */ = {isa = PBXFileReference; fileEncoding = 4; lastKnownFileType = sourcecode.swift; path = UserAccount.swift; sourceTree = "<group>"; };
		385FA5971D9EFF6600093C37 /* mainViewController.swift */ = {isa = PBXFileReference; fileEncoding = 4; lastKnownFileType = sourcecode.swift; path = mainViewController.swift; sourceTree = "<group>"; };
		385FA5991D9F005700093C37 /* homeTableViewController.swift */ = {isa = PBXFileReference; fileEncoding = 4; lastKnownFileType = sourcecode.swift; path = homeTableViewController.swift; sourceTree = "<group>"; };
		385FA59B1D9F006500093C37 /* messageTableViewController.swift */ = {isa = PBXFileReference; fileEncoding = 4; lastKnownFileType = sourcecode.swift; path = messageTableViewController.swift; sourceTree = "<group>"; };
		385FA59D1D9F007000093C37 /* discoverTableViewController.swift */ = {isa = PBXFileReference; fileEncoding = 4; lastKnownFileType = sourcecode.swift; path = discoverTableViewController.swift; sourceTree = "<group>"; };
		385FA59F1D9F007800093C37 /* profileTableViewController.swift */ = {isa = PBXFileReference; fileEncoding = 4; lastKnownFileType = sourcecode.swift; path = profileTableViewController.swift; sourceTree = "<group>"; };
		38606EF21E3887490041CCF4 /* NSDate-Extension.swift */ = {isa = PBXFileReference; fileEncoding = 4; lastKnownFileType = sourcecode.swift; path = "NSDate-Extension.swift"; sourceTree = "<group>"; };
		38606EF41E3893D60041CCF4 /* User.swift */ = {isa = PBXFileReference; fileEncoding = 4; lastKnownFileType = sourcecode.swift; path = User.swift; sourceTree = "<group>"; };
		386791B41E2F42A900B7A740 /* UserAccountViewModel.swift */ = {isa = PBXFileReference; fileEncoding = 4; lastKnownFileType = sourcecode.swift; path = UserAccountViewModel.swift; sourceTree = "<group>"; };
		387243CD1D9E306D00905184 /* weiBo.app */ = {isa = PBXFileReference; explicitFileType = wrapper.application; includeInIndex = 0; path = weiBo.app; sourceTree = BUILT_PRODUCTS_DIR; };
		387243D01D9E306D00905184 /* AppDelegate.swift */ = {isa = PBXFileReference; lastKnownFileType = sourcecode.swift; path = AppDelegate.swift; sourceTree = "<group>"; };
		387243D51D9E306D00905184 /* Base */ = {isa = PBXFileReference; lastKnownFileType = file.storyboard; name = Base; path = Base.lproj/Main.storyboard; sourceTree = "<group>"; };
		387243D71D9E306D00905184 /* Assets.xcassets */ = {isa = PBXFileReference; lastKnownFileType = folder.assetcatalog; path = Assets.xcassets; sourceTree = "<group>"; };
		387243DA1D9E306D00905184 /* Base */ = {isa = PBXFileReference; lastKnownFileType = file.storyboard; name = Base; path = Base.lproj/LaunchScreen.storyboard; sourceTree = "<group>"; };
		387243DC1D9E306D00905184 /* Info.plist */ = {isa = PBXFileReference; lastKnownFileType = text.plist.xml; path = Info.plist; sourceTree = "<group>"; };
		387243E11D9E306D00905184 /* weiBoTests.xctest */ = {isa = PBXFileReference; explicitFileType = wrapper.cfbundle; includeInIndex = 0; path = weiBoTests.xctest; sourceTree = BUILT_PRODUCTS_DIR; };
		387243E51D9E306D00905184 /* weiBoTests.swift */ = {isa = PBXFileReference; lastKnownFileType = sourcecode.swift; path = weiBoTests.swift; sourceTree = "<group>"; };
		387243E71D9E306D00905184 /* Info.plist */ = {isa = PBXFileReference; lastKnownFileType = text.plist.xml; path = Info.plist; sourceTree = "<group>"; };
		387243EC1D9E306D00905184 /* weiBoUITests.xctest */ = {isa = PBXFileReference; explicitFileType = wrapper.cfbundle; includeInIndex = 0; path = weiBoUITests.xctest; sourceTree = BUILT_PRODUCTS_DIR; };
		387243F01D9E306D00905184 /* weiBoUITests.swift */ = {isa = PBXFileReference; lastKnownFileType = sourcecode.swift; path = weiBoUITests.swift; sourceTree = "<group>"; };
		387243F21D9E306D00905184 /* Info.plist */ = {isa = PBXFileReference; lastKnownFileType = text.plist.xml; path = Info.plist; sourceTree = "<group>"; };
		38FE64DD1DB02D3E009226C5 /* VisitorView.swift */ = {isa = PBXFileReference; fileEncoding = 4; lastKnownFileType = sourcecode.swift; path = VisitorView.swift; sourceTree = "<group>"; };
		38FE64DF1DB02D53009226C5 /* VisitorView.xib */ = {isa = PBXFileReference; fileEncoding = 4; lastKnownFileType = file.xib; path = VisitorView.xib; sourceTree = "<group>"; };
		821D0105D16E1A5FCB966924 /* Pods-weiBo.release.xcconfig */ = {isa = PBXFileReference; includeInIndex = 1; lastKnownFileType = text.xcconfig; name = "Pods-weiBo.release.xcconfig"; path = "Pods/Target Support Files/Pods-weiBo/Pods-weiBo.release.xcconfig"; sourceTree = "<group>"; };
		A11AD0D8F5CF08EDA46901A8 /* Pods_weiBo.framework */ = {isa = PBXFileReference; explicitFileType = wrapper.framework; includeInIndex = 0; path = Pods_weiBo.framework; sourceTree = BUILT_PRODUCTS_DIR; };
		D53C07A2AB492EA6C215BCFF /* Pods-weiBo.debug.xcconfig */ = {isa = PBXFileReference; includeInIndex = 1; lastKnownFileType = text.xcconfig; name = "Pods-weiBo.debug.xcconfig"; path = "Pods/Target Support Files/Pods-weiBo/Pods-weiBo.debug.xcconfig"; sourceTree = "<group>"; };
/* End PBXFileReference section */

/* Begin PBXFrameworksBuildPhase section */
		387243CA1D9E306C00905184 /* Frameworks */ = {
			isa = PBXFrameworksBuildPhase;
			buildActionMask = 2147483647;
			files = (
				08F29A76C25568B04C823092 /* Pods_weiBo.framework in Frameworks */,
			);
			runOnlyForDeploymentPostprocessing = 0;
		};
		387243DE1D9E306D00905184 /* Frameworks */ = {
			isa = PBXFrameworksBuildPhase;
			buildActionMask = 2147483647;
			files = (
			);
			runOnlyForDeploymentPostprocessing = 0;
		};
		387243E91D9E306D00905184 /* Frameworks */ = {
			isa = PBXFrameworksBuildPhase;
			buildActionMask = 2147483647;
			files = (
			);
			runOnlyForDeploymentPostprocessing = 0;
		};
/* End PBXFrameworksBuildPhase section */

/* Begin PBXGroup section */
		3801219E1DF3E440000D216D /* OAuth */ = {
			isa = PBXGroup;
			children = (
				380121A01DF3E466000D216D /* OAuthViewController.xib */,
				3801219F1DF3E466000D216D /* OAuthViewController.swift */,
				385B31691E1C6E4B00422551 /* UserAccount.swift */,
				386791B41E2F42A900B7A740 /* UserAccountViewModel.swift */,
			);
			path = OAuth;
			sourceTree = "<group>";
		};
		3845AE3F1E30253D00026E6B /* Welcome */ = {
			isa = PBXGroup;
			children = (
				3845AE3C1E30252500026E6B /* WelcomeViewController.xib */,
				3845AE3B1E30252500026E6B /* WelcomeViewController.swift */,
			);
			path = Welcome;
			sourceTree = "<group>";
		};
		384964F01E3822AE00766CE3 /* HomeModel */ = {
			isa = PBXGroup;
			children = (
				384964F31E38234B00766CE3 /* Statuses.swift */,
				38606EF41E3893D60041CCF4 /* User.swift */,
				383EF0641E39B4DB00E293A7 /* StatusesViewModel.swift */,
			);
			path = HomeModel;
			sourceTree = "<group>";
		};
		384966921DE6A8A7004DF1A6 /* UIPopover */ = {
			isa = PBXGroup;
			children = (
				384966931DE6A8F7004DF1A6 /* PopoverViewController.swift */,
				384966941DE6A8F7004DF1A6 /* PopoverViewController.xib */,
				384966971DE6B4C8004DF1A6 /* ZJPresentationController.swift */,
				3849E7471DEC23C5001BE9FC /* PopoverAnimator.swift */,
			);
			path = UIPopover;
			sourceTree = "<group>";
		};
		3853FAF71DAF13D6004867AE /* Tools */ = {
			isa = PBXGroup;
			children = (
				3853FAF81DAF13D6004867AE /* Category */,
				384B45011DE4293B00DDB73B /* titleButton.swift */,
				383F651C1DEEC68900CA5206 /* NetworkTools.swift */,
			);
			path = Tools;
			sourceTree = "<group>";
		};
		3853FAF81DAF13D6004867AE /* Category */ = {
			isa = PBXGroup;
			children = (
				38606EF21E3887490041CCF4 /* NSDate-Extension.swift */,
				3853FAF91DAF1402004867AE /* UIButton-Extension.swift */,
				384B44FF1DE4254C00DDB73B /* UIBarButtonItem-extention.swift */,
				380121A31DF3EF07000D216D /* common.swift */,
			);
			path = Category;
			sourceTree = "<group>";
		};
		3853FAFB1DAF452F004867AE /* visitor */ = {
			isa = PBXGroup;
			children = (
				3853FAFC1DAF46C5004867AE /* BaseViewController.swift */,
				38FE64DD1DB02D3E009226C5 /* VisitorView.swift */,
				38FE64DF1DB02D53009226C5 /* VisitorView.xib */,
			);
			name = visitor;
			path = base;
			sourceTree = "<group>";
		};
		387243C41D9E306C00905184 = {
			isa = PBXGroup;
			children = (
				387243CF1D9E306D00905184 /* weiBo */,
				387243E41D9E306D00905184 /* weiBoTests */,
				387243EF1D9E306D00905184 /* weiBoUITests */,
				387243CE1D9E306D00905184 /* Products */,
				55CEABBE8771E17C97F9DA2D /* Pods */,
				A792DA572FA1D624272D1B6B /* Frameworks */,
			);
			sourceTree = "<group>";
		};
		387243CE1D9E306D00905184 /* Products */ = {
			isa = PBXGroup;
			children = (
				387243CD1D9E306D00905184 /* weiBo.app */,
				387243E11D9E306D00905184 /* weiBoTests.xctest */,
				387243EC1D9E306D00905184 /* weiBoUITests.xctest */,
			);
			name = Products;
			sourceTree = "<group>";
		};
		387243CF1D9E306D00905184 /* weiBo */ = {
			isa = PBXGroup;
			children = (
				3891D8511D9E41B000159569 /* classes */,
				387243D01D9E306D00905184 /* AppDelegate.swift */,
				387243D41D9E306D00905184 /* Main.storyboard */,
				387243D71D9E306D00905184 /* Assets.xcassets */,
				387243D91D9E306D00905184 /* LaunchScreen.storyboard */,
				387243DC1D9E306D00905184 /* Info.plist */,
			);
			path = weiBo;
			sourceTree = "<group>";
		};
		387243E41D9E306D00905184 /* weiBoTests */ = {
			isa = PBXGroup;
			children = (
				387243E51D9E306D00905184 /* weiBoTests.swift */,
				387243E71D9E306D00905184 /* Info.plist */,
			);
			path = weiBoTests;
			sourceTree = "<group>";
		};
		387243EF1D9E306D00905184 /* weiBoUITests */ = {
			isa = PBXGroup;
			children = (
				387243F01D9E306D00905184 /* weiBoUITests.swift */,
				387243F21D9E306D00905184 /* Info.plist */,
			);
			path = weiBoUITests;
			sourceTree = "<group>";
		};
		3891D8511D9E41B000159569 /* classes */ = {
			isa = PBXGroup;
			children = (
				3891D8541D9E41B000159569 /* Main */,
				3891D8531D9E41B000159569 /* Home */,
				3891D8551D9E41B000159569 /* Message */,
				3891D8521D9E41B000159569 /* Discover */,
				3891D8561D9E41B000159569 /* Profile */,
				3853FAF71DAF13D6004867AE /* Tools */,
			);
			path = classes;
			sourceTree = "<group>";
		};
		3891D8521D9E41B000159569 /* Discover */ = {
			isa = PBXGroup;
			children = (
				384B9B241DA5E762001A246D /* Discover.storyboard */,
				385FA59D1D9F007000093C37 /* discoverTableViewController.swift */,
			);
			path = Discover;
			sourceTree = "<group>";
		};
		3891D8531D9E41B000159569 /* Home */ = {
			isa = PBXGroup;
			children = (
				384964F01E3822AE00766CE3 /* HomeModel */,
				384966921DE6A8A7004DF1A6 /* UIPopover */,
				384B9B1C1DA5E6F1001A246D /* Home.storyboard */,
				385FA5991D9F005700093C37 /* homeTableViewController.swift */,
				383EF0661E39C53200E293A7 /* HomeViewCell.swift */,
			);
			path = Home;
			sourceTree = "<group>";
		};
		3891D8541D9E41B000159569 /* Main */ = {
			isa = PBXGroup;
			children = (
				3845AE3F1E30253D00026E6B /* Welcome */,
				385FA5971D9EFF6600093C37 /* mainViewController.swift */,
				3801219E1DF3E440000D216D /* OAuth */,
				3853FAFB1DAF452F004867AE /* visitor */,
				380187A61DADD00500A1F8B4 /* null.storyboard */,
			);
			path = Main;
			sourceTree = "<group>";
		};
		3891D8551D9E41B000159569 /* Message */ = {
			isa = PBXGroup;
			children = (
				384B9B1F1DA5E719001A246D /* Message.storyboard */,
				385FA59B1D9F006500093C37 /* messageTableViewController.swift */,
			);
			path = Message;
			sourceTree = "<group>";
		};
		3891D8561D9E41B000159569 /* Profile */ = {
			isa = PBXGroup;
			children = (
				384B9B261DA5E779001A246D /* Profile.storyboard */,
				385FA59F1D9F007800093C37 /* profileTableViewController.swift */,
			);
			path = Profile;
			sourceTree = "<group>";
		};
		55CEABBE8771E17C97F9DA2D /* Pods */ = {
			isa = PBXGroup;
			children = (
				D53C07A2AB492EA6C215BCFF /* Pods-weiBo.debug.xcconfig */,
				821D0105D16E1A5FCB966924 /* Pods-weiBo.release.xcconfig */,
			);
			name = Pods;
			sourceTree = "<group>";
		};
		A792DA572FA1D624272D1B6B /* Frameworks */ = {
			isa = PBXGroup;
			children = (
				A11AD0D8F5CF08EDA46901A8 /* Pods_weiBo.framework */,
			);
			name = Frameworks;
			sourceTree = "<group>";
		};
/* End PBXGroup section */

/* Begin PBXNativeTarget section */
		387243CC1D9E306C00905184 /* weiBo */ = {
			isa = PBXNativeTarget;
			buildConfigurationList = 387243F51D9E306D00905184 /* Build configuration list for PBXNativeTarget "weiBo" */;
			buildPhases = (
				58F81F302667732FAB3F438D /* [CP] Check Pods Manifest.lock */,
				387243C91D9E306C00905184 /* Sources */,
				387243CA1D9E306C00905184 /* Frameworks */,
				387243CB1D9E306C00905184 /* Resources */,
				DD822BA5643852FCB6BDE6E9 /* [CP] Embed Pods Frameworks */,
				C1EEAC7F9ECC782A08A51096 /* [CP] Copy Pods Resources */,
			);
			buildRules = (
			);
			dependencies = (
			);
			name = weiBo;
			productName = weiBo;
			productReference = 387243CD1D9E306D00905184 /* weiBo.app */;
			productType = "com.apple.product-type.application";
		};
		387243E01D9E306D00905184 /* weiBoTests */ = {
			isa = PBXNativeTarget;
			buildConfigurationList = 387243F81D9E306D00905184 /* Build configuration list for PBXNativeTarget "weiBoTests" */;
			buildPhases = (
				387243DD1D9E306D00905184 /* Sources */,
				387243DE1D9E306D00905184 /* Frameworks */,
				387243DF1D9E306D00905184 /* Resources */,
			);
			buildRules = (
			);
			dependencies = (
				387243E31D9E306D00905184 /* PBXTargetDependency */,
			);
			name = weiBoTests;
			productName = weiBoTests;
			productReference = 387243E11D9E306D00905184 /* weiBoTests.xctest */;
			productType = "com.apple.product-type.bundle.unit-test";
		};
		387243EB1D9E306D00905184 /* weiBoUITests */ = {
			isa = PBXNativeTarget;
			buildConfigurationList = 387243FB1D9E306D00905184 /* Build configuration list for PBXNativeTarget "weiBoUITests" */;
			buildPhases = (
				387243E81D9E306D00905184 /* Sources */,
				387243E91D9E306D00905184 /* Frameworks */,
				387243EA1D9E306D00905184 /* Resources */,
			);
			buildRules = (
			);
			dependencies = (
				387243EE1D9E306D00905184 /* PBXTargetDependency */,
			);
			name = weiBoUITests;
			productName = weiBoUITests;
			productReference = 387243EC1D9E306D00905184 /* weiBoUITests.xctest */;
			productType = "com.apple.product-type.bundle.ui-testing";
		};
/* End PBXNativeTarget section */

/* Begin PBXProject section */
		387243C51D9E306C00905184 /* Project object */ = {
			isa = PBXProject;
			attributes = {
				LastSwiftUpdateCheck = 0800;
				LastUpgradeCheck = 0800;
				ORGANIZATIONNAME = zijia;
				TargetAttributes = {
					387243CC1D9E306C00905184 = {
						CreatedOnToolsVersion = 8.0;
						DevelopmentTeam = KSV5RQ2S7L;
						ProvisioningStyle = Automatic;
					};
					387243E01D9E306D00905184 = {
						CreatedOnToolsVersion = 8.0;
						DevelopmentTeam = KSV5RQ2S7L;
						ProvisioningStyle = Automatic;
						TestTargetID = 387243CC1D9E306C00905184;
					};
					387243EB1D9E306D00905184 = {
						CreatedOnToolsVersion = 8.0;
						DevelopmentTeam = KSV5RQ2S7L;
						ProvisioningStyle = Automatic;
						TestTargetID = 387243CC1D9E306C00905184;
					};
				};
			};
			buildConfigurationList = 387243C81D9E306C00905184 /* Build configuration list for PBXProject "weiBo" */;
			compatibilityVersion = "Xcode 3.2";
			developmentRegion = English;
			hasScannedForEncodings = 0;
			knownRegions = (
				en,
				Base,
			);
			mainGroup = 387243C41D9E306C00905184;
			productRefGroup = 387243CE1D9E306D00905184 /* Products */;
			projectDirPath = "";
			projectRoot = "";
			targets = (
				387243CC1D9E306C00905184 /* weiBo */,
				387243E01D9E306D00905184 /* weiBoTests */,
				387243EB1D9E306D00905184 /* weiBoUITests */,
			);
		};
/* End PBXProject section */

/* Begin PBXResourcesBuildPhase section */
		387243CB1D9E306C00905184 /* Resources */ = {
			isa = PBXResourcesBuildPhase;
			buildActionMask = 2147483647;
			files = (
				387243DB1D9E306D00905184 /* LaunchScreen.storyboard in Resources */,
				380187A71DADD00500A1F8B4 /* null.storyboard in Resources */,
				387243D81D9E306D00905184 /* Assets.xcassets in Resources */,
				384B9B281DA5E779001A246D /* Profile.storyboard in Resources */,
				384966961DE6A8F7004DF1A6 /* PopoverViewController.xib in Resources */,
				3845AE3E1E30252500026E6B /* WelcomeViewController.xib in Resources */,
				384B9B201DA5E719001A246D /* Message.storyboard in Resources */,
				380121A21DF3E466000D216D /* OAuthViewController.xib in Resources */,
				38FE64E01DB02D53009226C5 /* VisitorView.xib in Resources */,
				387243D61D9E306D00905184 /* Main.storyboard in Resources */,
				384B9B1E1DA5E6F1001A246D /* Home.storyboard in Resources */,
				384B9B251DA5E762001A246D /* Discover.storyboard in Resources */,
			);
			runOnlyForDeploymentPostprocessing = 0;
		};
		387243DF1D9E306D00905184 /* Resources */ = {
			isa = PBXResourcesBuildPhase;
			buildActionMask = 2147483647;
			files = (
			);
			runOnlyForDeploymentPostprocessing = 0;
		};
		387243EA1D9E306D00905184 /* Resources */ = {
			isa = PBXResourcesBuildPhase;
			buildActionMask = 2147483647;
			files = (
			);
			runOnlyForDeploymentPostprocessing = 0;
		};
/* End PBXResourcesBuildPhase section */

/* Begin PBXShellScriptBuildPhase section */
		58F81F302667732FAB3F438D /* [CP] Check Pods Manifest.lock */ = {
			isa = PBXShellScriptBuildPhase;
			buildActionMask = 2147483647;
			files = (
			);
			inputPaths = (
			);
			name = "[CP] Check Pods Manifest.lock";
			outputPaths = (
			);
			runOnlyForDeploymentPostprocessing = 0;
			shellPath = /bin/sh;
			shellScript = "diff \"${PODS_ROOT}/../Podfile.lock\" \"${PODS_ROOT}/Manifest.lock\" > /dev/null\nif [ $? != 0 ] ; then\n    # print error to STDERR\n    echo \"error: The sandbox is not in sync with the Podfile.lock. Run 'pod install' or update your CocoaPods installation.\" >&2\n    exit 1\nfi\n";
			showEnvVarsInLog = 0;
		};
		C1EEAC7F9ECC782A08A51096 /* [CP] Copy Pods Resources */ = {
			isa = PBXShellScriptBuildPhase;
			buildActionMask = 2147483647;
			files = (
			);
			inputPaths = (
			);
			name = "[CP] Copy Pods Resources";
			outputPaths = (
			);
			runOnlyForDeploymentPostprocessing = 0;
			shellPath = /bin/sh;
			shellScript = "\"${SRCROOT}/Pods/Target Support Files/Pods-weiBo/Pods-weiBo-resources.sh\"\n";
			showEnvVarsInLog = 0;
		};
		DD822BA5643852FCB6BDE6E9 /* [CP] Embed Pods Frameworks */ = {
			isa = PBXShellScriptBuildPhase;
			buildActionMask = 2147483647;
			files = (
			);
			inputPaths = (
			);
			name = "[CP] Embed Pods Frameworks";
			outputPaths = (
			);
			runOnlyForDeploymentPostprocessing = 0;
			shellPath = /bin/sh;
			shellScript = "\"${SRCROOT}/Pods/Target Support Files/Pods-weiBo/Pods-weiBo-frameworks.sh\"\n";
			showEnvVarsInLog = 0;
		};
/* End PBXShellScriptBuildPhase section */

/* Begin PBXSourcesBuildPhase section */
		387243C91D9E306C00905184 /* Sources */ = {
			isa = PBXSourcesBuildPhase;
			buildActionMask = 2147483647;
			files = (
				385FA5A01D9F007800093C37 /* profileTableViewController.swift in Sources */,
				3845AE3D1E30252500026E6B /* WelcomeViewController.swift in Sources */,
				384966981DE6B4C8004DF1A6 /* ZJPresentationController.swift in Sources */,
				385B316A1E1C6E4B00422551 /* UserAccount.swift in Sources */,
				383F651D1DEEC68900CA5206 /* NetworkTools.swift in Sources */,
				3853FAFA1DAF1402004867AE /* UIButton-Extension.swift in Sources */,
				380121A11DF3E466000D216D /* OAuthViewController.swift in Sources */,
				384964F41E38234B00766CE3 /* Statuses.swift in Sources */,
				387243D11D9E306D00905184 /* AppDelegate.swift in Sources */,
				384B45021DE4293B00DDB73B /* titleButton.swift in Sources */,
				383EF0651E39B4DB00E293A7 /* StatusesViewModel.swift in Sources */,
				384966951DE6A8F7004DF1A6 /* PopoverViewController.swift in Sources */,
				385FA5981D9EFF6600093C37 /* mainViewController.swift in Sources */,
				38606EF31E3887490041CCF4 /* NSDate-Extension.swift in Sources */,
				38FE64DE1DB02D3E009226C5 /* VisitorView.swift in Sources */,
				3849E7481DEC23C5001BE9FC /* PopoverAnimator.swift in Sources */,
				385FA59C1D9F006500093C37 /* messageTableViewController.swift in Sources */,
				383EF0671E39C53200E293A7 /* HomeViewCell.swift in Sources */,
				386791B51E2F42A900B7A740 /* UserAccountViewModel.swift in Sources */,
				3853FAFD1DAF46C5004867AE /* BaseViewController.swift in Sources */,
				384B45001DE4254C00DDB73B /* UIBarButtonItem-extention.swift in Sources */,
				385FA59E1D9F007000093C37 /* discoverTableViewController.swift in Sources */,
				380121A41DF3EF07000D216D /* common.swift in Sources */,
				385FA59A1D9F005700093C37 /* homeTableViewController.swift in Sources */,
				38606EF51E3893D60041CCF4 /* User.swift in Sources */,
			);
			runOnlyForDeploymentPostprocessing = 0;
		};
		387243DD1D9E306D00905184 /* Sources */ = {
			isa = PBXSourcesBuildPhase;
			buildActionMask = 2147483647;
			files = (
				387243E61D9E306D00905184 /* weiBoTests.swift in Sources */,
			);
			runOnlyForDeploymentPostprocessing = 0;
		};
		387243E81D9E306D00905184 /* Sources */ = {
			isa = PBXSourcesBuildPhase;
			buildActionMask = 2147483647;
			files = (
				387243F11D9E306D00905184 /* weiBoUITests.swift in Sources */,
			);
			runOnlyForDeploymentPostprocessing = 0;
		};
/* End PBXSourcesBuildPhase section */

/* Begin PBXTargetDependency section */
		387243E31D9E306D00905184 /* PBXTargetDependency */ = {
			isa = PBXTargetDependency;
			target = 387243CC1D9E306C00905184 /* weiBo */;
			targetProxy = 387243E21D9E306D00905184 /* PBXContainerItemProxy */;
		};
		387243EE1D9E306D00905184 /* PBXTargetDependency */ = {
			isa = PBXTargetDependency;
			target = 387243CC1D9E306C00905184 /* weiBo */;
			targetProxy = 387243ED1D9E306D00905184 /* PBXContainerItemProxy */;
		};
/* End PBXTargetDependency section */

/* Begin PBXVariantGroup section */
		384B9B1C1DA5E6F1001A246D /* Home.storyboard */ = {
			isa = PBXVariantGroup;
			children = (
				384B9B1D1DA5E6F1001A246D /* Base */,
			);
			name = Home.storyboard;
			path = ../..;
			sourceTree = "<group>";
		};
		384B9B261DA5E779001A246D /* Profile.storyboard */ = {
			isa = PBXVariantGroup;
			children = (
				384B9B271DA5E779001A246D /* Base */,
			);
			name = Profile.storyboard;
			path = ../..;
			sourceTree = "<group>";
		};
		387243D41D9E306D00905184 /* Main.storyboard */ = {
			isa = PBXVariantGroup;
			children = (
				387243D51D9E306D00905184 /* Base */,
			);
			name = Main.storyboard;
			sourceTree = "<group>";
		};
		387243D91D9E306D00905184 /* LaunchScreen.storyboard */ = {
			isa = PBXVariantGroup;
			children = (
				387243DA1D9E306D00905184 /* Base */,
			);
			name = LaunchScreen.storyboard;
			sourceTree = "<group>";
		};
/* End PBXVariantGroup section */

/* Begin XCBuildConfiguration section */
		387243F31D9E306D00905184 /* Debug */ = {
			isa = XCBuildConfiguration;
			buildSettings = {
				ALWAYS_SEARCH_USER_PATHS = NO;
				CLANG_ANALYZER_NONNULL = YES;
				CLANG_CXX_LANGUAGE_STANDARD = "gnu++0x";
				CLANG_CXX_LIBRARY = "libc++";
				CLANG_ENABLE_MODULES = YES;
				CLANG_ENABLE_OBJC_ARC = YES;
				CLANG_WARN_BOOL_CONVERSION = YES;
				CLANG_WARN_CONSTANT_CONVERSION = YES;
				CLANG_WARN_DIRECT_OBJC_ISA_USAGE = YES_ERROR;
				CLANG_WARN_DOCUMENTATION_COMMENTS = YES;
				CLANG_WARN_EMPTY_BODY = YES;
				CLANG_WARN_ENUM_CONVERSION = YES;
				CLANG_WARN_INFINITE_RECURSION = YES;
				CLANG_WARN_INT_CONVERSION = YES;
				CLANG_WARN_OBJC_ROOT_CLASS = YES_ERROR;
				CLANG_WARN_SUSPICIOUS_MOVES = YES;
				CLANG_WARN_UNREACHABLE_CODE = YES;
				CLANG_WARN__DUPLICATE_METHOD_MATCH = YES;
				"CODE_SIGN_IDENTITY[sdk=iphoneos*]" = "iPhone Developer";
				COPY_PHASE_STRIP = NO;
				DEBUG_INFORMATION_FORMAT = dwarf;
				ENABLE_STRICT_OBJC_MSGSEND = YES;
				ENABLE_TESTABILITY = YES;
				GCC_C_LANGUAGE_STANDARD = gnu99;
				GCC_DYNAMIC_NO_PIC = NO;
				GCC_NO_COMMON_BLOCKS = YES;
				GCC_OPTIMIZATION_LEVEL = 0;
				GCC_PREPROCESSOR_DEFINITIONS = (
					"DEBUG=1",
					"$(inherited)",
				);
				GCC_WARN_64_TO_32_BIT_CONVERSION = YES;
				GCC_WARN_ABOUT_RETURN_TYPE = YES_ERROR;
				GCC_WARN_UNDECLARED_SELECTOR = YES;
				GCC_WARN_UNINITIALIZED_AUTOS = YES_AGGRESSIVE;
				GCC_WARN_UNUSED_FUNCTION = YES;
				GCC_WARN_UNUSED_VARIABLE = YES;
				IPHONEOS_DEPLOYMENT_TARGET = 10.0;
				MTL_ENABLE_DEBUG_INFO = YES;
				ONLY_ACTIVE_ARCH = YES;
				SDKROOT = iphoneos;
				SWIFT_ACTIVE_COMPILATION_CONDITIONS = DEBUG;
				SWIFT_OPTIMIZATION_LEVEL = "-Onone";
				TARGETED_DEVICE_FAMILY = "1,2";
			};
			name = Debug;
		};
		387243F41D9E306D00905184 /* Release */ = {
			isa = XCBuildConfiguration;
			buildSettings = {
				ALWAYS_SEARCH_USER_PATHS = NO;
				CLANG_ANALYZER_NONNULL = YES;
				CLANG_CXX_LANGUAGE_STANDARD = "gnu++0x";
				CLANG_CXX_LIBRARY = "libc++";
				CLANG_ENABLE_MODULES = YES;
				CLANG_ENABLE_OBJC_ARC = YES;
				CLANG_WARN_BOOL_CONVERSION = YES;
				CLANG_WARN_CONSTANT_CONVERSION = YES;
				CLANG_WARN_DIRECT_OBJC_ISA_USAGE = YES_ERROR;
				CLANG_WARN_DOCUMENTATION_COMMENTS = YES;
				CLANG_WARN_EMPTY_BODY = YES;
				CLANG_WARN_ENUM_CONVERSION = YES;
				CLANG_WARN_INFINITE_RECURSION = YES;
				CLANG_WARN_INT_CONVERSION = YES;
				CLANG_WARN_OBJC_ROOT_CLASS = YES_ERROR;
				CLANG_WARN_SUSPICIOUS_MOVES = YES;
				CLANG_WARN_UNREACHABLE_CODE = YES;
				CLANG_WARN__DUPLICATE_METHOD_MATCH = YES;
				"CODE_SIGN_IDENTITY[sdk=iphoneos*]" = "iPhone Developer";
				COPY_PHASE_STRIP = NO;
				DEBUG_INFORMATION_FORMAT = "dwarf-with-dsym";
				ENABLE_NS_ASSERTIONS = NO;
				ENABLE_STRICT_OBJC_MSGSEND = YES;
				GCC_C_LANGUAGE_STANDARD = gnu99;
				GCC_NO_COMMON_BLOCKS = YES;
				GCC_WARN_64_TO_32_BIT_CONVERSION = YES;
				GCC_WARN_ABOUT_RETURN_TYPE = YES_ERROR;
				GCC_WARN_UNDECLARED_SELECTOR = YES;
				GCC_WARN_UNINITIALIZED_AUTOS = YES_AGGRESSIVE;
				GCC_WARN_UNUSED_FUNCTION = YES;
				GCC_WARN_UNUSED_VARIABLE = YES;
				IPHONEOS_DEPLOYMENT_TARGET = 10.0;
				MTL_ENABLE_DEBUG_INFO = NO;
				SDKROOT = iphoneos;
				SWIFT_OPTIMIZATION_LEVEL = "-Owholemodule";
				TARGETED_DEVICE_FAMILY = "1,2";
				VALIDATE_PRODUCT = YES;
			};
			name = Release;
		};
		387243F61D9E306D00905184 /* Debug */ = {
			isa = XCBuildConfiguration;
			baseConfigurationReference = D53C07A2AB492EA6C215BCFF /* Pods-weiBo.debug.xcconfig */;
			buildSettings = {
				ASSETCATALOG_COMPILER_APPICON_NAME = AppIcon;
				ASSETCATALOG_COMPILER_LAUNCHIMAGE_NAME = LaunchImage;
				DEVELOPMENT_TEAM = KSV5RQ2S7L;
				INFOPLIST_FILE = weiBo/Info.plist;
				IPHONEOS_DEPLOYMENT_TARGET = 9.0;
				LD_RUNPATH_SEARCH_PATHS = "$(inherited) @executable_path/Frameworks";
				PRODUCT_BUNDLE_IDENTIFIER = zj.weiBo;
				PRODUCT_NAME = "$(TARGET_NAME)";
				SWIFT_VERSION = 3.0;
				TARGETED_DEVICE_FAMILY = 1;
			};
			name = Debug;
		};
		387243F71D9E306D00905184 /* Release */ = {
			isa = XCBuildConfiguration;
			baseConfigurationReference = 821D0105D16E1A5FCB966924 /* Pods-weiBo.release.xcconfig */;
			buildSettings = {
				ASSETCATALOG_COMPILER_APPICON_NAME = AppIcon;
				ASSETCATALOG_COMPILER_LAUNCHIMAGE_NAME = LaunchImage;
				DEVELOPMENT_TEAM = KSV5RQ2S7L;
				INFOPLIST_FILE = weiBo/Info.plist;
				IPHONEOS_DEPLOYMENT_TARGET = 9.0;
				LD_RUNPATH_SEARCH_PATHS = "$(inherited) @executable_path/Frameworks";
				PRODUCT_BUNDLE_IDENTIFIER = zj.weiBo;
				PRODUCT_NAME = "$(TARGET_NAME)";
				SWIFT_VERSION = 3.0;
				TARGETED_DEVICE_FAMILY = 1;
			};
			name = Release;
		};
		387243F91D9E306D00905184 /* Debug */ = {
			isa = XCBuildConfiguration;
			buildSettings = {
				ALWAYS_EMBED_SWIFT_STANDARD_LIBRARIES = YES;
				BUNDLE_LOADER = "$(TEST_HOST)";
				DEVELOPMENT_TEAM = KSV5RQ2S7L;
				INFOPLIST_FILE = weiBoTests/Info.plist;
				LD_RUNPATH_SEARCH_PATHS = "$(inherited) @executable_path/Frameworks @loader_path/Frameworks";
				PRODUCT_BUNDLE_IDENTIFIER = zj.weiBoTests;
				PRODUCT_NAME = "$(TARGET_NAME)";
				SWIFT_VERSION = 3.0;
				TEST_HOST = "$(BUILT_PRODUCTS_DIR)/weiBo.app/weiBo";
			};
			name = Debug;
		};
		387243FA1D9E306D00905184 /* Release */ = {
			isa = XCBuildConfiguration;
			buildSettings = {
				ALWAYS_EMBED_SWIFT_STANDARD_LIBRARIES = YES;
				BUNDLE_LOADER = "$(TEST_HOST)";
				DEVELOPMENT_TEAM = KSV5RQ2S7L;
				INFOPLIST_FILE = weiBoTests/Info.plist;
				LD_RUNPATH_SEARCH_PATHS = "$(inherited) @executable_path/Frameworks @loader_path/Frameworks";
				PRODUCT_BUNDLE_IDENTIFIER = zj.weiBoTests;
				PRODUCT_NAME = "$(TARGET_NAME)";
				SWIFT_VERSION = 3.0;
				TEST_HOST = "$(BUILT_PRODUCTS_DIR)/weiBo.app/weiBo";
			};
			name = Release;
		};
		387243FC1D9E306D00905184 /* Debug */ = {
			isa = XCBuildConfiguration;
			buildSettings = {
				ALWAYS_EMBED_SWIFT_STANDARD_LIBRARIES = YES;
				DEVELOPMENT_TEAM = KSV5RQ2S7L;
				INFOPLIST_FILE = weiBoUITests/Info.plist;
				LD_RUNPATH_SEARCH_PATHS = "$(inherited) @executable_path/Frameworks @loader_path/Frameworks";
				PRODUCT_BUNDLE_IDENTIFIER = zj.weiBoUITests;
				PRODUCT_NAME = "$(TARGET_NAME)";
				SWIFT_VERSION = 3.0;
				TEST_TARGET_NAME = weiBo;
			};
			name = Debug;
		};
		387243FD1D9E306D00905184 /* Release */ = {
			isa = XCBuildConfiguration;
			buildSettings = {
				ALWAYS_EMBED_SWIFT_STANDARD_LIBRARIES = YES;
				DEVELOPMENT_TEAM = KSV5RQ2S7L;
				INFOPLIST_FILE = weiBoUITests/Info.plist;
				LD_RUNPATH_SEARCH_PATHS = "$(inherited) @executable_path/Frameworks @loader_path/Frameworks";
				PRODUCT_BUNDLE_IDENTIFIER = zj.weiBoUITests;
				PRODUCT_NAME = "$(TARGET_NAME)";
				SWIFT_VERSION = 3.0;
				TEST_TARGET_NAME = weiBo;
			};
			name = Release;
		};
/* End XCBuildConfiguration section */

/* Begin XCConfigurationList section */
		387243C81D9E306C00905184 /* Build configuration list for PBXProject "weiBo" */ = {
			isa = XCConfigurationList;
			buildConfigurations = (
				387243F31D9E306D00905184 /* Debug */,
				387243F41D9E306D00905184 /* Release */,
			);
			defaultConfigurationIsVisible = 0;
			defaultConfigurationName = Release;
		};
		387243F51D9E306D00905184 /* Build configuration list for PBXNativeTarget "weiBo" */ = {
			isa = XCConfigurationList;
			buildConfigurations = (
				387243F61D9E306D00905184 /* Debug */,
				387243F71D9E306D00905184 /* Release */,
			);
			defaultConfigurationIsVisible = 0;
			defaultConfigurationName = Release;
		};
		387243F81D9E306D00905184 /* Build configuration list for PBXNativeTarget "weiBoTests" */ = {
			isa = XCConfigurationList;
			buildConfigurations = (
				387243F91D9E306D00905184 /* Debug */,
				387243FA1D9E306D00905184 /* Release */,
			);
			defaultConfigurationIsVisible = 0;
			defaultConfigurationName = Release;
		};
		387243FB1D9E306D00905184 /* Build configuration list for PBXNativeTarget "weiBoUITests" */ = {
			isa = XCConfigurationList;
			buildConfigurations = (
				387243FC1D9E306D00905184 /* Debug */,
				387243FD1D9E306D00905184 /* Release */,
			);
			defaultConfigurationIsVisible = 0;
			defaultConfigurationName = Release;
		};
/* End XCConfigurationList section */
	};
	rootObject = 387243C51D9E306C00905184 /* Project object */;
}
